// !$*UTF8*$!
{
	archiveVersion = 1;
	classes = {
	};
	objectVersion = 50;
	objects = {

/* Begin PBXBuildFile section */
		56F06F4D23EC8AC600A5BDAD /* AppDelegate.swift in Sources */ = {isa = PBXBuildFile; fileRef = 56F06F4C23EC8AC600A5BDAD /* AppDelegate.swift */; };
		56F06F4F23EC8AC600A5BDAD /* ViewController.swift in Sources */ = {isa = PBXBuildFile; fileRef = 56F06F4E23EC8AC600A5BDAD /* ViewController.swift */; };
		56F06F5123EC8AC600A5BDAD /* Experience.rcproject in Sources */ = {isa = PBXBuildFile; fileRef = 56F06F5023EC8AC600A5BDAD /* Experience.rcproject */; };
		56F06F5423EC8AC600A5BDAD /* Main.storyboard in Resources */ = {isa = PBXBuildFile; fileRef = 56F06F5223EC8AC600A5BDAD /* Main.storyboard */; };
		56F06F5623EC8AC800A5BDAD /* Assets.xcassets in Resources */ = {isa = PBXBuildFile; fileRef = 56F06F5523EC8AC800A5BDAD /* Assets.xcassets */; };
		56F06F5923EC8AC800A5BDAD /* LaunchScreen.storyboard in Resources */ = {isa = PBXBuildFile; fileRef = 56F06F5723EC8AC800A5BDAD /* LaunchScreen.storyboard */; };
/* End PBXBuildFile section */

/* Begin PBXFileReference section */
		56F06F4923EC8AC600A5BDAD /* batsignal.app */ = {isa = PBXFileReference; explicitFileType = wrapper.application; includeInIndex = 0; path = batsignal.app; sourceTree = BUILT_PRODUCTS_DIR; };
		56F06F4C23EC8AC600A5BDAD /* AppDelegate.swift */ = {isa = PBXFileReference; lastKnownFileType = sourcecode.swift; path = AppDelegate.swift; sourceTree = "<group>"; };
		56F06F4E23EC8AC600A5BDAD /* ViewController.swift */ = {isa = PBXFileReference; lastKnownFileType = sourcecode.swift; path = ViewController.swift; sourceTree = "<group>"; };
		56F06F5023EC8AC600A5BDAD /* Experience.rcproject */ = {isa = PBXFileReference; lastKnownFileType = file.rcproject; path = Experience.rcproject; sourceTree = "<group>"; };
		56F06F5323EC8AC600A5BDAD /* Base */ = {isa = PBXFileReference; lastKnownFileType = file.storyboard; name = Base; path = Base.lproj/Main.storyboard; sourceTree = "<group>"; };
		56F06F5523EC8AC800A5BDAD /* Assets.xcassets */ = {isa = PBXFileReference; lastKnownFileType = folder.assetcatalog; path = Assets.xcassets; sourceTree = "<group>"; };
		56F06F5823EC8AC800A5BDAD /* Base */ = {isa = PBXFileReference; lastKnownFileType = file.storyboard; name = Base; path = Base.lproj/LaunchScreen.storyboard; sourceTree = "<group>"; };
		56F06F5A23EC8AC800A5BDAD /* Info.plist */ = {isa = PBXFileReference; lastKnownFileType = text.plist.xml; path = Info.plist; sourceTree = "<group>"; };
/* End PBXFileReference section */

/* Begin PBXFrameworksBuildPhase section */
		56F06F4623EC8AC600A5BDAD /* Frameworks */ = {
			isa = PBXFrameworksBuildPhase;
			buildActionMask = 2147483647;
			files = (
			);
			runOnlyForDeploymentPostprocessing = 0;
		};
/* End PBXFrameworksBuildPhase section */

/* Begin PBXGroup section */
		56F06F4023EC8AC600A5BDAD = {
			isa = PBXGroup;
			children = (
				56F06F4B23EC8AC600A5BDAD /* batsignal */,
				56F06F4A23EC8AC600A5BDAD /* Products */,
			);
			sourceTree = "<group>";
		};
		56F06F4A23EC8AC600A5BDAD /* Products */ = {
			isa = PBXGroup;
			children = (
				56F06F4923EC8AC600A5BDAD /* batsignal.app */,
			);
			name = Products;
			sourceTree = "<group>";
		};
		56F06F4B23EC8AC600A5BDAD /* batsignal */ = {
			isa = PBXGroup;
			children = (
				56F06F4C23EC8AC600A5BDAD /* AppDelegate.swift */,
				56F06F4E23EC8AC600A5BDAD /* ViewController.swift */,
				56F06F5023EC8AC600A5BDAD /* Experience.rcproject */,
				56F06F5223EC8AC600A5BDAD /* Main.storyboard */,
				56F06F5523EC8AC800A5BDAD /* Assets.xcassets */,
				56F06F5723EC8AC800A5BDAD /* LaunchScreen.storyboard */,
				56F06F5A23EC8AC800A5BDAD /* Info.plist */,
			);
			path = batsignal;
			sourceTree = "<group>";
		};
/* End PBXGroup section */

/* Begin PBXNativeTarget section */
		56F06F4823EC8AC600A5BDAD /* batsignal */ = {
			isa = PBXNativeTarget;
			buildConfigurationList = 56F06F5D23EC8AC800A5BDAD /* Build configuration list for PBXNativeTarget "batsignal" */;
			buildPhases = (
				56F06F4523EC8AC600A5BDAD /* Sources */,
				56F06F4623EC8AC600A5BDAD /* Frameworks */,
				56F06F4723EC8AC600A5BDAD /* Resources */,
			);
			buildRules = (
			);
			dependencies = (
			);
			name = batsignal;
			productName = batsignal;
			productReference = 56F06F4923EC8AC600A5BDAD /* batsignal.app */;
			productType = "com.apple.product-type.application";
		};
/* End PBXNativeTarget section */

/* Begin PBXProject section */
		56F06F4123EC8AC600A5BDAD /* Project object */ = {
			isa = PBXProject;
			attributes = {
				LastSwiftUpdateCheck = 1130;
				LastUpgradeCheck = 1130;
				ORGANIZATIONNAME = com.gazodia;
				TargetAttributes = {
					56F06F4823EC8AC600A5BDAD = {
						CreatedOnToolsVersion = 11.3.1;
					};
				};
			};
			buildConfigurationList = 56F06F4423EC8AC600A5BDAD /* Build configuration list for PBXProject "batsignal" */;
			compatibilityVersion = "Xcode 9.3";
			developmentRegion = en;
			hasScannedForEncodings = 0;
			knownRegions = (
				en,
				Base,
			);
			mainGroup = 56F06F4023EC8AC600A5BDAD;
			productRefGroup = 56F06F4A23EC8AC600A5BDAD /* Products */;
			projectDirPath = "";
			projectRoot = "";
			targets = (
				56F06F4823EC8AC600A5BDAD /* batsignal */,
			);
		};
/* End PBXProject section */

/* Begin PBXResourcesBuildPhase section */
		56F06F4723EC8AC600A5BDAD /* Resources */ = {
			isa = PBXResourcesBuildPhase;
			buildActionMask = 2147483647;
			files = (
				56F06F5923EC8AC800A5BDAD /* LaunchScreen.storyboard in Resources */,
				56F06F5623EC8AC800A5BDAD /* Assets.xcassets in Resources */,
				56F06F5423EC8AC600A5BDAD /* Main.storyboard in Resources */,
			);
			runOnlyForDeploymentPostprocessing = 0;
		};
/* End PBXResourcesBuildPhase section */

/* Begin PBXSourcesBuildPhase section */
		56F06F4523EC8AC600A5BDAD /* Sources */ = {
			isa = PBXSourcesBuildPhase;
			buildActionMask = 2147483647;
			files = (
				56F06F4F23EC8AC600A5BDAD /* ViewController.swift in Sources */,
				56F06F4D23EC8AC600A5BDAD /* AppDelegate.swift in Sources */,
				56F06F5123EC8AC600A5BDAD /* Experience.rcproject in Sources */,
			);
			runOnlyForDeploymentPostprocessing = 0;
		};
/* End PBXSourcesBuildPhase section */

/* Begin PBXVariantGroup section */
		56F06F5223EC8AC600A5BDAD /* Main.storyboard */ = {
			isa = PBXVariantGroup;
			children = (
				56F06F5323EC8AC600A5BDAD /* Base */,
			);
			name = Main.storyboard;
			sourceTree = "<group>";
		};
		56F06F5723EC8AC800A5BDAD /* LaunchScreen.storyboard */ = {
			isa = PBXVariantGroup;
			children = (
				56F06F5823EC8AC800A5BDAD /* Base */,
			);
			name = LaunchScreen.storyboard;
			sourceTree = "<group>";
		};
/* End PBXVariantGroup section */

/* Begin XCBuildConfiguration section */
		56F06F5B23EC8AC800A5BDAD /* Debug */ = {
			isa = XCBuildConfiguration;
			buildSettings = {
				ALWAYS_SEARCH_USER_PATHS = NO;
				CLANG_ANALYZER_NONNULL = YES;
				CLANG_ANALYZER_NUMBER_OBJECT_CONVERSION = YES_AGGRESSIVE;
				CLANG_CXX_LANGUAGE_STANDARD = "gnu++14";
				CLANG_CXX_LIBRARY = "libc++";
				CLANG_ENABLE_MODULES = YES;
				CLANG_ENABLE_OBJC_ARC = YES;
				CLANG_ENABLE_OBJC_WEAK = YES;
				CLANG_WARN_BLOCK_CAPTURE_AUTORELEASING = YES;
				CLANG_WARN_BOOL_CONVERSION = YES;
				CLANG_WARN_COMMA = YES;
				CLANG_WARN_CONSTANT_CONVERSION = YES;
				CLANG_WARN_DEPRECATED_OBJC_IMPLEMENTATIONS = YES;
				CLANG_WARN_DIRECT_OBJC_ISA_USAGE = YES_ERROR;
				CLANG_WARN_DOCUMENTATION_COMMENTS = YES;
				CLANG_WARN_EMPTY_BODY = YES;
				CLANG_WARN_ENUM_CONVERSION = YES;
				CLANG_WARN_INFINITE_RECURSION = YES;
				CLANG_WARN_INT_CONVERSION = YES;
				CLANG_WARN_NON_LITERAL_NULL_CONVERSION = YES;
				CLANG_WARN_OBJC_IMPLICIT_RETAIN_SELF = YES;
				CLANG_WARN_OBJC_LITERAL_CONVERSION = YES;
				CLANG_WARN_OBJC_ROOT_CLASS = YES_ERROR;
				CLANG_WARN_RANGE_LOOP_ANALYSIS = YES;
				CLANG_WARN_STRICT_PROTOTYPES = YES;
				CLANG_WARN_SUSPICIOUS_MOVE = YES;
				CLANG_WARN_UNGUARDED_AVAILABILITY = YES_AGGRESSIVE;
				CLANG_WARN_UNREACHABLE_CODE = YES;
				CLANG_WARN__DUPLICATE_METHOD_MATCH = YES;
				COPY_PHASE_STRIP = NO;
				DEBUG_INFORMATION_FORMAT = dwarf;
				ENABLE_STRICT_OBJC_MSGSEND = YES;
				ENABLE_TESTABILITY = YES;
				GCC_C_LANGUAGE_STANDARD = gnu11;
				GCC_DYNAMIC_NO_PIC = NO;
				GCC_NO_COMMON_BLOCKS = YES;
				GCC_OPTIMIZATION_LEVEL = 0;
				GCC_PREPROCESSOR_DEFINITIONS = (
					"DEBUG=1",
					"$(inherited)",
				);
				GCC_WARN_64_TO_32_BIT_CONVERSION = YES;
				GCC_WARN_ABOUT_RETURN_TYPE = YES_ERROR;
				GCC_WARN_UNDECLARED_SELECTOR = YES;
				GCC_WARN_UNINITIALIZED_AUTOS = YES_AGGRESSIVE;
				GCC_WARN_UNUSED_FUNCTION = YES;
				GCC_WARN_UNUSED_VARIABLE = YES;
				IPHONEOS_DEPLOYMENT_TARGET = 13.2;
				MTL_ENABLE_DEBUG_INFO = INCLUDE_SOURCE;
				MTL_FAST_MATH = YES;
				ONLY_ACTIVE_ARCH = YES;
				SDKROOT = iphoneos;
				SWIFT_ACTIVE_COMPILATION_CONDITIONS = DEBUG;
				SWIFT_OPTIMIZATION_LEVEL = "-Onone";
			};
			name = Debug;
		};
		56F06F5C23EC8AC800A5BDAD /* Release */ = {
			isa = XCBuildConfiguration;
			buildSettings = {
				ALWAYS_SEARCH_USER_PATHS = NO;
				CLANG_ANALYZER_NONNULL = YES;
				CLANG_ANALYZER_NUMBER_OBJECT_CONVERSION = YES_AGGRESSIVE;
				CLANG_CXX_LANGUAGE_STANDARD = "gnu++14";
				CLANG_CXX_LIBRARY = "libc++";
				CLANG_ENABLE_MODULES = YES;
				CLANG_ENABLE_OBJC_ARC = YES;
				CLANG_ENABLE_OBJC_WEAK = YES;
				CLANG_WARN_BLOCK_CAPTURE_AUTORELEASING = YES;
				CLANG_WARN_BOOL_CONVERSION = YES;
				CLANG_WARN_COMMA = YES;
				CLANG_WARN_CONSTANT_CONVERSION = YES;
				CLANG_WARN_DEPRECATED_OBJC_IMPLEMENTATIONS = YES;
				CLANG_WARN_DIRECT_OBJC_ISA_USAGE = YES_ERROR;
				CLANG_WARN_DOCUMENTATION_COMMENTS = YES;
				CLANG_WARN_EMPTY_BODY = YES;
				CLANG_WARN_ENUM_CONVERSION = YES;
				CLANG_WARN_INFINITE_RECURSION = YES;
				CLANG_WARN_INT_CONVERSION = YES;
				CLANG_WARN_NON_LITERAL_NULL_CONVERSION = YES;
				CLANG_WARN_OBJC_IMPLICIT_RETAIN_SELF = YES;
				CLANG_WARN_OBJC_LITERAL_CONVERSION = YES;
				CLANG_WARN_OBJC_ROOT_CLASS = YES_ERROR;
				CLANG_WARN_RANGE_LOOP_ANALYSIS = YES;
				CLANG_WARN_STRICT_PROTOTYPES = YES;
				CLANG_WARN_SUSPICIOUS_MOVE = YES;
				CLANG_WARN_UNGUARDED_AVAILABILITY = YES_AGGRESSIVE;
				CLANG_WARN_UNREACHABLE_CODE = YES;
				CLANG_WARN__DUPLICATE_METHOD_MATCH = YES;
				COPY_PHASE_STRIP = NO;
				DEBUG_INFORMATION_FORMAT = "dwarf-with-dsym";
				ENABLE_NS_ASSERTIONS = NO;
				ENABLE_STRICT_OBJC_MSGSEND = YES;
				GCC_C_LANGUAGE_STANDARD = gnu11;
				GCC_NO_COMMON_BLOCKS = YES;
				GCC_WARN_64_TO_32_BIT_CONVERSION = YES;
				GCC_WARN_ABOUT_RETURN_TYPE = YES_ERROR;
				GCC_WARN_UNDECLARED_SELECTOR = YES;
				GCC_WARN_UNINITIALIZED_AUTOS = YES_AGGRESSIVE;
				GCC_WARN_UNUSED_FUNCTION = YES;
				GCC_WARN_UNUSED_VARIABLE = YES;
				IPHONEOS_DEPLOYMENT_TARGET = 13.2;
				MTL_ENABLE_DEBUG_INFO = NO;
				MTL_FAST_MATH = YES;
				SDKROOT = iphoneos;
				SWIFT_COMPILATION_MODE = wholemodule;
				SWIFT_OPTIMIZATION_LEVEL = "-O";
				VALIDATE_PRODUCT = YES;
			};
			name = Release;
		};
		56F06F5E23EC8AC800A5BDAD /* Debug */ = {
			isa = XCBuildConfiguration;
			buildSettings = {
				ASSETCATALOG_COMPILER_APPICON_NAME = AppIcon;
				CODE_SIGN_STYLE = Automatic;
				DEVELOPMENT_TEAM = 7994PXZY59;
				INFOPLIST_FILE = batsignal/Info.plist;
				LD_RUNPATH_SEARCH_PATHS = (
					"$(inherited)",
					"@executable_path/Frameworks",
				);
				PRODUCT_BUNDLE_IDENTIFIER = com.gazodia.batsignal;
				PRODUCT_NAME = "$(TARGET_NAME)";
				SWIFT_VERSION = 5.0;
				TARGETED_DEVICE_FAMILY = "1,2";
			};
			name = Debug;
		};
		56F06F5F23EC8AC800A5BDAD /* Release */ = {
			isa = XCBuildConfiguration;
			buildSettings = {
				ASSETCATALOG_COMPILER_APPICON_NAME = AppIcon;
				CODE_SIGN_STYLE = Automatic;
				DEVELOPMENT_TEAM = 7994PXZY59;
				INFOPLIST_FILE = batsignal/Info.plist;
				LD_RUNPATH_SEARCH_PATHS = (
					"$(inherited)",
					"@executable_path/Frameworks",
				);
				PRODUCT_BUNDLE_IDENTIFIER = com.gazodia.batsignal;
				PRODUCT_NAME = "$(TARGET_NAME)";
				SWIFT_VERSION = 5.0;
				TARGETED_DEVICE_FAMILY = "1,2";
			};
			name = Release;
		};
/* End XCBuildConfiguration section */

/* Begin XCConfigurationList section */
		56F06F4423EC8AC600A5BDAD /* Build configuration list for PBXProject "batsignal" */ = {
			isa = XCConfigurationList;
			buildConfigurations = (
				56F06F5B23EC8AC800A5BDAD /* Debug */,
				56F06F5C23EC8AC800A5BDAD /* Release */,
			);
			defaultConfigurationIsVisible = 0;
			defaultConfigurationName = Release;
		};
		56F06F5D23EC8AC800A5BDAD /* Build configuration list for PBXNativeTarget "batsignal" */ = {
			isa = XCConfigurationList;
			buildConfigurations = (
				56F06F5E23EC8AC800A5BDAD /* Debug */,
				56F06F5F23EC8AC800A5BDAD /* Release */,
			);
			defaultConfigurationIsVisible = 0;
			defaultConfigurationName = Release;
		};
/* End XCConfigurationList section */
	};
	rootObject = 56F06F4123EC8AC600A5BDAD /* Project object */;
}
